
Microsoft Visual Studio Solution File, Format Version 12.00
# Visual Studio Version 17
VisualStudioVersion = 17.2.32526.322
MinimumVisualStudioVersion = 10.0.40219.1
Project("{9A19103F-16F7-4668-BE54-9A1E7A4F7556}") = "Supplier MVC", "Supplier MVC\Supplier MVC.csproj", "{B8A9B6DF-5765-43D6-AA3F-A3BAB6728BAB}"
EndProject
Global
	GlobalSection(SolutionConfigurationPlatforms) = preSolution
		Debug|Any CPU = Debug|Any CPU
		Release|Any CPU = Release|Any CPU
	EndGlobalSection
	GlobalSection(ProjectConfigurationPlatforms) = postSolution
		{B8A9B6DF-5765-43D6-AA3F-A3BAB6728BAB}.Debug|Any CPU.ActiveCfg = Debug|Any CPU
		{B8A9B6DF-5765-43D6-AA3F-A3BAB6728BAB}.Debug|Any CPU.Build.0 = Debug|Any CPU
		{B8A9B6DF-5765-43D6-AA3F-A3BAB6728BAB}.Release|Any CPU.ActiveCfg = Release|Any CPU
		{B8A9B6DF-5765-43D6-AA3F-A3BAB6728BAB}.Release|Any CPU.Build.0 = Release|Any CPU
	EndGlobalSection
	GlobalSection(SolutionProperties) = preSolution
		HideSolutionNode = FALSE
	EndGlobalSection
	GlobalSection(ExtensibilityGlobals) = postSolution
		SolutionGuid = {79388F26-5844-48D1-95F1-E53FF10F85C6}
	EndGlobalSection
EndGlobal
